// !$*UTF8*$!
{
	archiveVersion = 1;
	classes = {
	};
	objectVersion = 46;
	objects = {

/* Begin PBXBuildFile section */
		F332F4001EE8F4A500F8B6C0 /* AppDelegate.swift in Sources */ = {isa = PBXBuildFile; fileRef = F332F3FF1EE8F4A500F8B6C0 /* AppDelegate.swift */; };
		F332F4021EE8F4A500F8B6C0 /* ViewController.swift in Sources */ = {isa = PBXBuildFile; fileRef = F332F4011EE8F4A500F8B6C0 /* ViewController.swift */; };
		F332F4051EE8F4A500F8B6C0 /* Main.storyboard in Resources */ = {isa = PBXBuildFile; fileRef = F332F4031EE8F4A500F8B6C0 /* Main.storyboard */; };
		F332F4071EE8F4A500F8B6C0 /* Assets.xcassets in Resources */ = {isa = PBXBuildFile; fileRef = F332F4061EE8F4A500F8B6C0 /* Assets.xcassets */; };
		F332F40A1EE8F4A500F8B6C0 /* LaunchScreen.storyboard in Resources */ = {isa = PBXBuildFile; fileRef = F332F4081EE8F4A500F8B6C0 /* LaunchScreen.storyboard */; };
		F332F4151EE8F4A500F8B6C0 /* transitioning_delegate_practiceTests.swift in Sources */ = {isa = PBXBuildFile; fileRef = F332F4141EE8F4A500F8B6C0 /* transitioning_delegate_practiceTests.swift */; };
		F332F4201EE8F4A500F8B6C0 /* transitioning_delegate_practiceUITests.swift in Sources */ = {isa = PBXBuildFile; fileRef = F332F41F1EE8F4A500F8B6C0 /* transitioning_delegate_practiceUITests.swift */; };
		F332F42E1EE8F5DE00F8B6C0 /* Interactor.swift in Sources */ = {isa = PBXBuildFile; fileRef = F332F42D1EE8F5DE00F8B6C0 /* Interactor.swift */; };
		F332F4301EE8F66E00F8B6C0 /* DismissAnimator.swift in Sources */ = {isa = PBXBuildFile; fileRef = F332F42F1EE8F66E00F8B6C0 /* DismissAnimator.swift */; };
		F332F4321EE8F70400F8B6C0 /* ModalViewController.swift in Sources */ = {isa = PBXBuildFile; fileRef = F332F4311EE8F70400F8B6C0 /* ModalViewController.swift */; };
		F332F4341EE8F70F00F8B6C0 /* ModalViewController.storyboard in Resources */ = {isa = PBXBuildFile; fileRef = F332F4331EE8F70F00F8B6C0 /* ModalViewController.storyboard */; };
		F332F4361EE8FFA200F8B6C0 /* ModalNavigationController.swift in Sources */ = {isa = PBXBuildFile; fileRef = F332F4351EE8FFA200F8B6C0 /* ModalNavigationController.swift */; };
/* End PBXBuildFile section */

/* Begin PBXContainerItemProxy section */
		F332F4111EE8F4A500F8B6C0 /* PBXContainerItemProxy */ = {
			isa = PBXContainerItemProxy;
			containerPortal = F332F3F41EE8F4A500F8B6C0 /* Project object */;
			proxyType = 1;
			remoteGlobalIDString = F332F3FB1EE8F4A500F8B6C0;
			remoteInfo = "transitioning-delegate-practice";
		};
		F332F41C1EE8F4A500F8B6C0 /* PBXContainerItemProxy */ = {
			isa = PBXContainerItemProxy;
			containerPortal = F332F3F41EE8F4A500F8B6C0 /* Project object */;
			proxyType = 1;
			remoteGlobalIDString = F332F3FB1EE8F4A500F8B6C0;
			remoteInfo = "transitioning-delegate-practice";
		};
/* End PBXContainerItemProxy section */

/* Begin PBXFileReference section */
		F332F3FC1EE8F4A500F8B6C0 /* transitioning-delegate-practice.app */ = {isa = PBXFileReference; explicitFileType = wrapper.application; includeInIndex = 0; path = "transitioning-delegate-practice.app"; sourceTree = BUILT_PRODUCTS_DIR; };
		F332F3FF1EE8F4A500F8B6C0 /* AppDelegate.swift */ = {isa = PBXFileReference; lastKnownFileType = sourcecode.swift; path = AppDelegate.swift; sourceTree = "<group>"; };
		F332F4011EE8F4A500F8B6C0 /* ViewController.swift */ = {isa = PBXFileReference; lastKnownFileType = sourcecode.swift; path = ViewController.swift; sourceTree = "<group>"; };
		F332F4041EE8F4A500F8B6C0 /* Base */ = {isa = PBXFileReference; lastKnownFileType = file.storyboard; name = Base; path = Base.lproj/Main.storyboard; sourceTree = "<group>"; };
		F332F4061EE8F4A500F8B6C0 /* Assets.xcassets */ = {isa = PBXFileReference; lastKnownFileType = folder.assetcatalog; path = Assets.xcassets; sourceTree = "<group>"; };
		F332F4091EE8F4A500F8B6C0 /* Base */ = {isa = PBXFileReference; lastKnownFileType = file.storyboard; name = Base; path = Base.lproj/LaunchScreen.storyboard; sourceTree = "<group>"; };
		F332F40B1EE8F4A500F8B6C0 /* Info.plist */ = {isa = PBXFileReference; lastKnownFileType = text.plist.xml; path = Info.plist; sourceTree = "<group>"; };
		F332F4101EE8F4A500F8B6C0 /* transitioning-delegate-practiceTests.xctest */ = {isa = PBXFileReference; explicitFileType = wrapper.cfbundle; includeInIndex = 0; path = "transitioning-delegate-practiceTests.xctest"; sourceTree = BUILT_PRODUCTS_DIR; };
		F332F4141EE8F4A500F8B6C0 /* transitioning_delegate_practiceTests.swift */ = {isa = PBXFileReference; lastKnownFileType = sourcecode.swift; path = transitioning_delegate_practiceTests.swift; sourceTree = "<group>"; };
		F332F4161EE8F4A500F8B6C0 /* Info.plist */ = {isa = PBXFileReference; lastKnownFileType = text.plist.xml; path = Info.plist; sourceTree = "<group>"; };
		F332F41B1EE8F4A500F8B6C0 /* transitioning-delegate-practiceUITests.xctest */ = {isa = PBXFileReference; explicitFileType = wrapper.cfbundle; includeInIndex = 0; path = "transitioning-delegate-practiceUITests.xctest"; sourceTree = BUILT_PRODUCTS_DIR; };
		F332F41F1EE8F4A500F8B6C0 /* transitioning_delegate_practiceUITests.swift */ = {isa = PBXFileReference; lastKnownFileType = sourcecode.swift; path = transitioning_delegate_practiceUITests.swift; sourceTree = "<group>"; };
		F332F4211EE8F4A500F8B6C0 /* Info.plist */ = {isa = PBXFileReference; lastKnownFileType = text.plist.xml; path = Info.plist; sourceTree = "<group>"; };
		F332F42D1EE8F5DE00F8B6C0 /* Interactor.swift */ = {isa = PBXFileReference; fileEncoding = 4; lastKnownFileType = sourcecode.swift; path = Interactor.swift; sourceTree = "<group>"; };
		F332F42F1EE8F66E00F8B6C0 /* DismissAnimator.swift */ = {isa = PBXFileReference; fileEncoding = 4; lastKnownFileType = sourcecode.swift; path = DismissAnimator.swift; sourceTree = "<group>"; };
		F332F4311EE8F70400F8B6C0 /* ModalViewController.swift */ = {isa = PBXFileReference; fileEncoding = 4; lastKnownFileType = sourcecode.swift; path = ModalViewController.swift; sourceTree = "<group>"; };
		F332F4331EE8F70F00F8B6C0 /* ModalViewController.storyboard */ = {isa = PBXFileReference; fileEncoding = 4; lastKnownFileType = file.storyboard; path = ModalViewController.storyboard; sourceTree = "<group>"; };
		F332F4351EE8FFA200F8B6C0 /* ModalNavigationController.swift */ = {isa = PBXFileReference; fileEncoding = 4; lastKnownFileType = sourcecode.swift; path = ModalNavigationController.swift; sourceTree = "<group>"; };
/* End PBXFileReference section */

/* Begin PBXFrameworksBuildPhase section */
		F332F3F91EE8F4A500F8B6C0 /* Frameworks */ = {
			isa = PBXFrameworksBuildPhase;
			buildActionMask = 2147483647;
			files = (
			);
			runOnlyForDeploymentPostprocessing = 0;
		};
		F332F40D1EE8F4A500F8B6C0 /* Frameworks */ = {
			isa = PBXFrameworksBuildPhase;
			buildActionMask = 2147483647;
			files = (
			);
			runOnlyForDeploymentPostprocessing = 0;
		};
		F332F4181EE8F4A500F8B6C0 /* Frameworks */ = {
			isa = PBXFrameworksBuildPhase;
			buildActionMask = 2147483647;
			files = (
			);
			runOnlyForDeploymentPostprocessing = 0;
		};
/* End PBXFrameworksBuildPhase section */

/* Begin PBXGroup section */
		F332F3F31EE8F4A500F8B6C0 = {
			isa = PBXGroup;
			children = (
				F332F3FE1EE8F4A500F8B6C0 /* transitioning-delegate-practice */,
				F332F4131EE8F4A500F8B6C0 /* transitioning-delegate-practiceTests */,
				F332F41E1EE8F4A500F8B6C0 /* transitioning-delegate-practiceUITests */,
				F332F3FD1EE8F4A500F8B6C0 /* Products */,
			);
			sourceTree = "<group>";
		};
		F332F3FD1EE8F4A500F8B6C0 /* Products */ = {
			isa = PBXGroup;
			children = (
				F332F3FC1EE8F4A500F8B6C0 /* transitioning-delegate-practice.app */,
				F332F4101EE8F4A500F8B6C0 /* transitioning-delegate-practiceTests.xctest */,
				F332F41B1EE8F4A500F8B6C0 /* transitioning-delegate-practiceUITests.xctest */,
			);
			name = Products;
			sourceTree = "<group>";
		};
		F332F3FE1EE8F4A500F8B6C0 /* transitioning-delegate-practice */ = {
			isa = PBXGroup;
			children = (
				F332F3FF1EE8F4A500F8B6C0 /* AppDelegate.swift */,
				F332F4011EE8F4A500F8B6C0 /* ViewController.swift */,
				F332F4031EE8F4A500F8B6C0 /* Main.storyboard */,
				F332F4061EE8F4A500F8B6C0 /* Assets.xcassets */,
				F332F4081EE8F4A500F8B6C0 /* LaunchScreen.storyboard */,
				F332F40B1EE8F4A500F8B6C0 /* Info.plist */,
				F332F42D1EE8F5DE00F8B6C0 /* Interactor.swift */,
				F332F42F1EE8F66E00F8B6C0 /* DismissAnimator.swift */,
				F332F4311EE8F70400F8B6C0 /* ModalViewController.swift */,
				F332F4331EE8F70F00F8B6C0 /* ModalViewController.storyboard */,
				F332F4351EE8FFA200F8B6C0 /* ModalNavigationController.swift */,
			);
			path = "transitioning-delegate-practice";
			sourceTree = "<group>";
		};
		F332F4131EE8F4A500F8B6C0 /* transitioning-delegate-practiceTests */ = {
			isa = PBXGroup;
			children = (
				F332F4141EE8F4A500F8B6C0 /* transitioning_delegate_practiceTests.swift */,
				F332F4161EE8F4A500F8B6C0 /* Info.plist */,
			);
			path = "transitioning-delegate-practiceTests";
			sourceTree = "<group>";
		};
		F332F41E1EE8F4A500F8B6C0 /* transitioning-delegate-practiceUITests */ = {
			isa = PBXGroup;
			children = (
				F332F41F1EE8F4A500F8B6C0 /* transitioning_delegate_practiceUITests.swift */,
				F332F4211EE8F4A500F8B6C0 /* Info.plist */,
			);
			path = "transitioning-delegate-practiceUITests";
			sourceTree = "<group>";
		};
/* End PBXGroup section */

/* Begin PBXNativeTarget section */
		F332F3FB1EE8F4A500F8B6C0 /* transitioning-delegate-practice */ = {
			isa = PBXNativeTarget;
			buildConfigurationList = F332F4241EE8F4A500F8B6C0 /* Build configuration list for PBXNativeTarget "transitioning-delegate-practice" */;
			buildPhases = (
				F332F3F81EE8F4A500F8B6C0 /* Sources */,
				F332F3F91EE8F4A500F8B6C0 /* Frameworks */,
				F332F3FA1EE8F4A500F8B6C0 /* Resources */,
			);
			buildRules = (
			);
			dependencies = (
			);
			name = "transitioning-delegate-practice";
			productName = "transitioning-delegate-practice";
			productReference = F332F3FC1EE8F4A500F8B6C0 /* transitioning-delegate-practice.app */;
			productType = "com.apple.product-type.application";
		};
		F332F40F1EE8F4A500F8B6C0 /* transitioning-delegate-practiceTests */ = {
			isa = PBXNativeTarget;
			buildConfigurationList = F332F4271EE8F4A500F8B6C0 /* Build configuration list for PBXNativeTarget "transitioning-delegate-practiceTests" */;
			buildPhases = (
				F332F40C1EE8F4A500F8B6C0 /* Sources */,
				F332F40D1EE8F4A500F8B6C0 /* Frameworks */,
				F332F40E1EE8F4A500F8B6C0 /* Resources */,
			);
			buildRules = (
			);
			dependencies = (
				F332F4121EE8F4A500F8B6C0 /* PBXTargetDependency */,
			);
			name = "transitioning-delegate-practiceTests";
			productName = "transitioning-delegate-practiceTests";
			productReference = F332F4101EE8F4A500F8B6C0 /* transitioning-delegate-practiceTests.xctest */;
			productType = "com.apple.product-type.bundle.unit-test";
		};
		F332F41A1EE8F4A500F8B6C0 /* transitioning-delegate-practiceUITests */ = {
			isa = PBXNativeTarget;
			buildConfigurationList = F332F42A1EE8F4A500F8B6C0 /* Build configuration list for PBXNativeTarget "transitioning-delegate-practiceUITests" */;
			buildPhases = (
				F332F4171EE8F4A500F8B6C0 /* Sources */,
				F332F4181EE8F4A500F8B6C0 /* Frameworks */,
				F332F4191EE8F4A500F8B6C0 /* Resources */,
			);
			buildRules = (
			);
			dependencies = (
				F332F41D1EE8F4A500F8B6C0 /* PBXTargetDependency */,
			);
			name = "transitioning-delegate-practiceUITests";
			productName = "transitioning-delegate-practiceUITests";
			productReference = F332F41B1EE8F4A500F8B6C0 /* transitioning-delegate-practiceUITests.xctest */;
			productType = "com.apple.product-type.bundle.ui-testing";
		};
/* End PBXNativeTarget section */

/* Begin PBXProject section */
		F332F3F41EE8F4A500F8B6C0 /* Project object */ = {
			isa = PBXProject;
			attributes = {
				LastSwiftUpdateCheck = 0830;
				LastUpgradeCheck = 0830;
				ORGANIZATIONNAME = keisei_1092;
				TargetAttributes = {
					F332F3FB1EE8F4A500F8B6C0 = {
						CreatedOnToolsVersion = 8.3.2;
						DevelopmentTeam = ZLP777QDS4;
						ProvisioningStyle = Automatic;
					};
					F332F40F1EE8F4A500F8B6C0 = {
						CreatedOnToolsVersion = 8.3.2;
						DevelopmentTeam = ZLP777QDS4;
						ProvisioningStyle = Automatic;
						TestTargetID = F332F3FB1EE8F4A500F8B6C0;
					};
					F332F41A1EE8F4A500F8B6C0 = {
						CreatedOnToolsVersion = 8.3.2;
						DevelopmentTeam = ZLP777QDS4;
						ProvisioningStyle = Automatic;
						TestTargetID = F332F3FB1EE8F4A500F8B6C0;
					};
				};
			};
			buildConfigurationList = F332F3F71EE8F4A500F8B6C0 /* Build configuration list for PBXProject "transitioning-delegate-practice" */;
			compatibilityVersion = "Xcode 3.2";
			developmentRegion = English;
			hasScannedForEncodings = 0;
			knownRegions = (
				en,
				Base,
			);
			mainGroup = F332F3F31EE8F4A500F8B6C0;
			productRefGroup = F332F3FD1EE8F4A500F8B6C0 /* Products */;
			projectDirPath = "";
			projectRoot = "";
			targets = (
				F332F3FB1EE8F4A500F8B6C0 /* transitioning-delegate-practice */,
				F332F40F1EE8F4A500F8B6C0 /* transitioning-delegate-practiceTests */,
				F332F41A1EE8F4A500F8B6C0 /* transitioning-delegate-practiceUITests */,
			);
		};
/* End PBXProject section */

/* Begin PBXResourcesBuildPhase section */
		F332F3FA1EE8F4A500F8B6C0 /* Resources */ = {
			isa = PBXResourcesBuildPhase;
			buildActionMask = 2147483647;
			files = (
				F332F40A1EE8F4A500F8B6C0 /* LaunchScreen.storyboard in Resources */,
				F332F4341EE8F70F00F8B6C0 /* ModalViewController.storyboard in Resources */,
				F332F4071EE8F4A500F8B6C0 /* Assets.xcassets in Resources */,
				F332F4051EE8F4A500F8B6C0 /* Main.storyboard in Resources */,
			);
			runOnlyForDeploymentPostprocessing = 0;
		};
		F332F40E1EE8F4A500F8B6C0 /* Resources */ = {
			isa = PBXResourcesBuildPhase;
			buildActionMask = 2147483647;
			files = (
			);
			runOnlyForDeploymentPostprocessing = 0;
		};
		F332F4191EE8F4A500F8B6C0 /* Resources */ = {
			isa = PBXResourcesBuildPhase;
			buildActionMask = 2147483647;
			files = (
			);
			runOnlyForDeploymentPostprocessing = 0;
		};
/* End PBXResourcesBuildPhase section */

/* Begin PBXSourcesBuildPhase section */
		F332F3F81EE8F4A500F8B6C0 /* Sources */ = {
			isa = PBXSourcesBuildPhase;
			buildActionMask = 2147483647;
			files = (
				F332F42E1EE8F5DE00F8B6C0 /* Interactor.swift in Sources */,
				F332F4321EE8F70400F8B6C0 /* ModalViewController.swift in Sources */,
				F332F4021EE8F4A500F8B6C0 /* ViewController.swift in Sources */,
				F332F4001EE8F4A500F8B6C0 /* AppDelegate.swift in Sources */,
				F332F4301EE8F66E00F8B6C0 /* DismissAnimator.swift in Sources */,
				F332F4361EE8FFA200F8B6C0 /* ModalNavigationController.swift in Sources */,
			);
			runOnlyForDeploymentPostprocessing = 0;
		};
		F332F40C1EE8F4A500F8B6C0 /* Sources */ = {
			isa = PBXSourcesBuildPhase;
			buildActionMask = 2147483647;
			files = (
				F332F4151EE8F4A500F8B6C0 /* transitioning_delegate_practiceTests.swift in Sources */,
			);
			runOnlyForDeploymentPostprocessing = 0;
		};
		F332F4171EE8F4A500F8B6C0 /* Sources */ = {
			isa = PBXSourcesBuildPhase;
			buildActionMask = 2147483647;
			files = (
				F332F4201EE8F4A500F8B6C0 /* transitioning_delegate_practiceUITests.swift in Sources */,
			);
			runOnlyForDeploymentPostprocessing = 0;
		};
/* End PBXSourcesBuildPhase section */

/* Begin PBXTargetDependency section */
		F332F4121EE8F4A500F8B6C0 /* PBXTargetDependency */ = {
			isa = PBXTargetDependency;
			target = F332F3FB1EE8F4A500F8B6C0 /* transitioning-delegate-practice */;
			targetProxy = F332F4111EE8F4A500F8B6C0 /* PBXContainerItemProxy */;
		};
		F332F41D1EE8F4A500F8B6C0 /* PBXTargetDependency */ = {
			isa = PBXTargetDependency;
			target = F332F3FB1EE8F4A500F8B6C0 /* transitioning-delegate-practice */;
			targetProxy = F332F41C1EE8F4A500F8B6C0 /* PBXContainerItemProxy */;
		};
/* End PBXTargetDependency section */

/* Begin PBXVariantGroup section */
		F332F4031EE8F4A500F8B6C0 /* Main.storyboard */ = {
			isa = PBXVariantGroup;
			children = (
				F332F4041EE8F4A500F8B6C0 /* Base */,
			);
			name = Main.storyboard;
			sourceTree = "<group>";
		};
		F332F4081EE8F4A500F8B6C0 /* LaunchScreen.storyboard */ = {
			isa = PBXVariantGroup;
			children = (
				F332F4091EE8F4A500F8B6C0 /* Base */,
			);
			name = LaunchScreen.storyboard;
			sourceTree = "<group>";
		};
/* End PBXVariantGroup section */

/* Begin XCBuildConfiguration section */
		F332F4221EE8F4A500F8B6C0 /* Debug */ = {
			isa = XCBuildConfiguration;
			buildSettings = {
				ALWAYS_SEARCH_USER_PATHS = NO;
				CLANG_ANALYZER_NONNULL = YES;
				CLANG_ANALYZER_NUMBER_OBJECT_CONVERSION = YES_AGGRESSIVE;
				CLANG_CXX_LANGUAGE_STANDARD = "gnu++0x";
				CLANG_CXX_LIBRARY = "libc++";
				CLANG_ENABLE_MODULES = YES;
				CLANG_ENABLE_OBJC_ARC = YES;
				CLANG_WARN_BOOL_CONVERSION = YES;
				CLANG_WARN_CONSTANT_CONVERSION = YES;
				CLANG_WARN_DIRECT_OBJC_ISA_USAGE = YES_ERROR;
				CLANG_WARN_DOCUMENTATION_COMMENTS = YES;
				CLANG_WARN_EMPTY_BODY = YES;
				CLANG_WARN_ENUM_CONVERSION = YES;
				CLANG_WARN_INFINITE_RECURSION = YES;
				CLANG_WARN_INT_CONVERSION = YES;
				CLANG_WARN_OBJC_ROOT_CLASS = YES_ERROR;
				CLANG_WARN_SUSPICIOUS_MOVE = YES;
				CLANG_WARN_UNREACHABLE_CODE = YES;
				CLANG_WARN__DUPLICATE_METHOD_MATCH = YES;
				"CODE_SIGN_IDENTITY[sdk=iphoneos*]" = "iPhone Developer";
				COPY_PHASE_STRIP = NO;
				DEBUG_INFORMATION_FORMAT = dwarf;
				ENABLE_STRICT_OBJC_MSGSEND = YES;
				ENABLE_TESTABILITY = YES;
				GCC_C_LANGUAGE_STANDARD = gnu99;
				GCC_DYNAMIC_NO_PIC = NO;
				GCC_NO_COMMON_BLOCKS = YES;
				GCC_OPTIMIZATION_LEVEL = 0;
				GCC_PREPROCESSOR_DEFINITIONS = (
					"DEBUG=1",
					"$(inherited)",
				);
				GCC_WARN_64_TO_32_BIT_CONVERSION = YES;
				GCC_WARN_ABOUT_RETURN_TYPE = YES_ERROR;
				GCC_WARN_UNDECLARED_SELECTOR = YES;
				GCC_WARN_UNINITIALIZED_AUTOS = YES_AGGRESSIVE;
				GCC_WARN_UNUSED_FUNCTION = YES;
				GCC_WARN_UNUSED_VARIABLE = YES;
				IPHONEOS_DEPLOYMENT_TARGET = 10.3;
				MTL_ENABLE_DEBUG_INFO = YES;
				ONLY_ACTIVE_ARCH = YES;
				SDKROOT = iphoneos;
				SWIFT_ACTIVE_COMPILATION_CONDITIONS = DEBUG;
				SWIFT_OPTIMIZATION_LEVEL = "-Onone";
				TARGETED_DEVICE_FAMILY = "1,2";
			};
			name = Debug;
		};
		F332F4231EE8F4A500F8B6C0 /* Release */ = {
			isa = XCBuildConfiguration;
			buildSettings = {
				ALWAYS_SEARCH_USER_PATHS = NO;
				CLANG_ANALYZER_NONNULL = YES;
				CLANG_ANALYZER_NUMBER_OBJECT_CONVERSION = YES_AGGRESSIVE;
				CLANG_CXX_LANGUAGE_STANDARD = "gnu++0x";
				CLANG_CXX_LIBRARY = "libc++";
				CLANG_ENABLE_MODULES = YES;
				CLANG_ENABLE_OBJC_ARC = YES;
				CLANG_WARN_BOOL_CONVERSION = YES;
				CLANG_WARN_CONSTANT_CONVERSION = YES;
				CLANG_WARN_DIRECT_OBJC_ISA_USAGE = YES_ERROR;
				CLANG_WARN_DOCUMENTATION_COMMENTS = YES;
				CLANG_WARN_EMPTY_BODY = YES;
				CLANG_WARN_ENUM_CONVERSION = YES;
				CLANG_WARN_INFINITE_RECURSION = YES;
				CLANG_WARN_INT_CONVERSION = YES;
				CLANG_WARN_OBJC_ROOT_CLASS = YES_ERROR;
				CLANG_WARN_SUSPICIOUS_MOVE = YES;
				CLANG_WARN_UNREACHABLE_CODE = YES;
				CLANG_WARN__DUPLICATE_METHOD_MATCH = YES;
				"CODE_SIGN_IDENTITY[sdk=iphoneos*]" = "iPhone Developer";
				COPY_PHASE_STRIP = NO;
				DEBUG_INFORMATION_FORMAT = "dwarf-with-dsym";
				ENABLE_NS_ASSERTIONS = NO;
				ENABLE_STRICT_OBJC_MSGSEND = YES;
				GCC_C_LANGUAGE_STANDARD = gnu99;
				GCC_NO_COMMON_BLOCKS = YES;
				GCC_WARN_64_TO_32_BIT_CONVERSION = YES;
				GCC_WARN_ABOUT_RETURN_TYPE = YES_ERROR;
				GCC_WARN_UNDECLARED_SELECTOR = YES;
				GCC_WARN_UNINITIALIZED_AUTOS = YES_AGGRESSIVE;
				GCC_WARN_UNUSED_FUNCTION = YES;
				GCC_WARN_UNUSED_VARIABLE = YES;
				IPHONEOS_DEPLOYMENT_TARGET = 10.3;
				MTL_ENABLE_DEBUG_INFO = NO;
				SDKROOT = iphoneos;
				SWIFT_OPTIMIZATION_LEVEL = "-Owholemodule";
				TARGETED_DEVICE_FAMILY = "1,2";
				VALIDATE_PRODUCT = YES;
			};
			name = Release;
		};
		F332F4251EE8F4A500F8B6C0 /* Debug */ = {
			isa = XCBuildConfiguration;
			buildSettings = {
				ASSETCATALOG_COMPILER_APPICON_NAME = AppIcon;
				DEVELOPMENT_TEAM = ZLP777QDS4;
				INFOPLIST_FILE = "transitioning-delegate-practice/Info.plist";
				LD_RUNPATH_SEARCH_PATHS = "$(inherited) @executable_path/Frameworks";
				PRODUCT_BUNDLE_IDENTIFIER = "com.miraitoarumachi.transitioning-delegate-practice";
				PRODUCT_NAME = "$(TARGET_NAME)";
				SWIFT_VERSION = 3.0;
			};
			name = Debug;
		};
		F332F4261EE8F4A500F8B6C0 /* Release */ = {
			isa = XCBuildConfiguration;
			buildSettings = {
				ASSETCATALOG_COMPILER_APPICON_NAME = AppIcon;
				DEVELOPMENT_TEAM = ZLP777QDS4;
				INFOPLIST_FILE = "transitioning-delegate-practice/Info.plist";
				LD_RUNPATH_SEARCH_PATHS = "$(inherited) @executable_path/Frameworks";
				PRODUCT_BUNDLE_IDENTIFIER = "com.miraitoarumachi.transitioning-delegate-practice";
				PRODUCT_NAME = "$(TARGET_NAME)";
				SWIFT_VERSION = 3.0;
			};
			name = Release;
		};
		F332F4281EE8F4A500F8B6C0 /* Debug */ = {
			isa = XCBuildConfiguration;
			buildSettings = {
				ALWAYS_EMBED_SWIFT_STANDARD_LIBRARIES = YES;
				BUNDLE_LOADER = "$(TEST_HOST)";
				DEVELOPMENT_TEAM = ZLP777QDS4;
				INFOPLIST_FILE = "transitioning-delegate-practiceTests/Info.plist";
				LD_RUNPATH_SEARCH_PATHS = "$(inherited) @executable_path/Frameworks @loader_path/Frameworks";
				PRODUCT_BUNDLE_IDENTIFIER = "com.miraitoarumachi.transitioning-delegate-practiceTests";
				PRODUCT_NAME = "$(TARGET_NAME)";
				SWIFT_VERSION = 3.0;
				TEST_HOST = "$(BUILT_PRODUCTS_DIR)/transitioning-delegate-practice.app/transitioning-delegate-practice";
			};
			name = Debug;
		};
		F332F4291EE8F4A500F8B6C0 /* Release */ = {
			isa = XCBuildConfiguration;
			buildSettings = {
				ALWAYS_EMBED_SWIFT_STANDARD_LIBRARIES = YES;
				BUNDLE_LOADER = "$(TEST_HOST)";
				DEVELOPMENT_TEAM = ZLP777QDS4;
				INFOPLIST_FILE = "transitioning-delegate-practiceTests/Info.plist";
				LD_RUNPATH_SEARCH_PATHS = "$(inherited) @executable_path/Frameworks @loader_path/Frameworks";
				PRODUCT_BUNDLE_IDENTIFIER = "com.miraitoarumachi.transitioning-delegate-practiceTests";
				PRODUCT_NAME = "$(TARGET_NAME)";
				SWIFT_VERSION = 3.0;
				TEST_HOST = "$(BUILT_PRODUCTS_DIR)/transitioning-delegate-practice.app/transitioning-delegate-practice";
			};
			name = Release;
		};
		F332F42B1EE8F4A500F8B6C0 /* Debug */ = {
			isa = XCBuildConfiguration;
			buildSettings = {
				ALWAYS_EMBED_SWIFT_STANDARD_LIBRARIES = YES;
				DEVELOPMENT_TEAM = ZLP777QDS4;
				INFOPLIST_FILE = "transitioning-delegate-practiceUITests/Info.plist";
				LD_RUNPATH_SEARCH_PATHS = "$(inherited) @executable_path/Frameworks @loader_path/Frameworks";
				PRODUCT_BUNDLE_IDENTIFIER = "com.miraitoarumachi.transitioning-delegate-practiceUITests";
				PRODUCT_NAME = "$(TARGET_NAME)";
				SWIFT_VERSION = 3.0;
				TEST_TARGET_NAME = "transitioning-delegate-practice";
			};
			name = Debug;
		};
		F332F42C1EE8F4A500F8B6C0 /* Release */ = {
			isa = XCBuildConfiguration;
			buildSettings = {
				ALWAYS_EMBED_SWIFT_STANDARD_LIBRARIES = YES;
				DEVELOPMENT_TEAM = ZLP777QDS4;
				INFOPLIST_FILE = "transitioning-delegate-practiceUITests/Info.plist";
				LD_RUNPATH_SEARCH_PATHS = "$(inherited) @executable_path/Frameworks @loader_path/Frameworks";
				PRODUCT_BUNDLE_IDENTIFIER = "com.miraitoarumachi.transitioning-delegate-practiceUITests";
				PRODUCT_NAME = "$(TARGET_NAME)";
				SWIFT_VERSION = 3.0;
				TEST_TARGET_NAME = "transitioning-delegate-practice";
			};
			name = Release;
		};
/* End XCBuildConfiguration section */

/* Begin XCConfigurationList section */
		F332F3F71EE8F4A500F8B6C0 /* Build configuration list for PBXProject "transitioning-delegate-practice" */ = {
			isa = XCConfigurationList;
			buildConfigurations = (
				F332F4221EE8F4A500F8B6C0 /* Debug */,
				F332F4231EE8F4A500F8B6C0 /* Release */,
			);
			defaultConfigurationIsVisible = 0;
			defaultConfigurationName = Release;
		};
		F332F4241EE8F4A500F8B6C0 /* Build configuration list for PBXNativeTarget "transitioning-delegate-practice" */ = {
			isa = XCConfigurationList;
			buildConfigurations = (
				F332F4251EE8F4A500F8B6C0 /* Debug */,
				F332F4261EE8F4A500F8B6C0 /* Release */,
			);
			defaultConfigurationIsVisible = 0;
		};
		F332F4271EE8F4A500F8B6C0 /* Build configuration list for PBXNativeTarget "transitioning-delegate-practiceTests" */ = {
			isa = XCConfigurationList;
			buildConfigurations = (
				F332F4281EE8F4A500F8B6C0 /* Debug */,
				F332F4291EE8F4A500F8B6C0 /* Release */,
			);
			defaultConfigurationIsVisible = 0;
		};
		F332F42A1EE8F4A500F8B6C0 /* Build configuration list for PBXNativeTarget "transitioning-delegate-practiceUITests" */ = {
			isa = XCConfigurationList;
			buildConfigurations = (
				F332F42B1EE8F4A500F8B6C0 /* Debug */,
				F332F42C1EE8F4A500F8B6C0 /* Release */,
			);
			defaultConfigurationIsVisible = 0;
		};
/* End XCConfigurationList section */
	};
	rootObject = F332F3F41EE8F4A500F8B6C0 /* Project object */;
}
